
Microsoft Visual Studio Solution File, Format Version 12.00
# Visual Studio Version 17
VisualStudioVersion = 17.13.35828.75 d17.13
MinimumVisualStudioVersion = 10.0.40219.1
Project("{FAE04EC0-301F-11D3-BF4B-00C04F79EFBC}") = "Security.RBAC", "Security.RBAC.csproj", "{39793079-B49F-462A-B4BD-1EE8B315E17E}"
EndProject
Global
	GlobalSection(SolutionConfigurationPlatforms) = preSolution
		Debug|Any CPU = Debug|Any CPU
		Release|Any CPU = Release|Any CPU
	EndGlobalSection
	GlobalSection(ProjectConfigurationPlatforms) = postSolution
		{39793079-B49F-462A-B4BD-1EE8B315E17E}.Debug|Any CPU.ActiveCfg = Debug|Any CPU
		{39793079-B49F-462A-B4BD-1EE8B315E17E}.Debug|Any CPU.Build.0 = Debug|Any CPU
		{39793079-B49F-462A-B4BD-1EE8B315E17E}.Release|Any CPU.ActiveCfg = Release|Any CPU
		{39793079-B49F-462A-B4BD-1EE8B315E17E}.Release|Any CPU.Build.0 = Release|Any CPU
	EndGlobalSection
	GlobalSection(SolutionProperties) = preSolution
		HideSolutionNode = FALSE
	EndGlobalSection
	GlobalSection(ExtensibilityGlobals) = postSolution
		SolutionGuid = {6763A20E-4C85-438A-9EC1-E7402F4808B8}
	EndGlobalSection
EndGlobal
